
Microsoft Visual Studio Solution File, Format Version 12.00
# Visual Studio 15
VisualStudioVersion = 15.0.26403.7
MinimumVisualStudioVersion = 10.0.40219.1
Project("{FAE04EC0-301F-11D3-BF4B-00C04F79EFBC}") = "ElevenNote.Web", "ElevenNote.Web\ElevenNote.Web.csproj", "{2644E200-3297-43F3-B670-27102E567DDA}"
EndProject
Project("{FAE04EC0-301F-11D3-BF4B-00C04F79EFBC}") = "ElevenNote.Data", "ElevenNote.Data\ElevenNote.Data.csproj", "{69F33446-B61D-416A-853B-52878FC87608}"
EndProject
Project("{FAE04EC0-301F-11D3-BF4B-00C04F79EFBC}") = "ElevenNote.Models", "ElevenNote.Models\ElevenNote.Models.csproj", "{A26190DC-B590-45A5-9747-34F139E75820}"
EndProject
Project("{FAE04EC0-301F-11D3-BF4B-00C04F79EFBC}") = "ElevenNote.Services", "ElevenNote.Services\ElevenNote.Services.csproj", "{A0B4CF75-A4B2-4011-8682-61E562CE485E}"
EndProject
Project("{FAE04EC0-301F-11D3-BF4B-00C04F79EFBC}") = "ElevenNote.API", "ElevenNote.API\ElevenNote.API.csproj", "{E87A1C4F-4A4F-484D-B994-E169037C9A69}"
EndProject
Project("{D954291E-2A0B-460D-934E-DC6B0785DB48}") = "ElevenNote.MobileApp", "ElevenNote.MobileApp\ElevenNote.MobileApp\ElevenNote.MobileApp.shproj", "{AB45CCB6-31D3-4950-9266-C1B788EF2013}"
EndProject
Project("{FAE04EC0-301F-11D3-BF4B-00C04F79EFBC}") = "ElevenNote.MobileApp.Android", "ElevenNote.MobileApp\ElevenNote.MobileApp.Android\ElevenNote.MobileApp.Android.csproj", "{B122F3DD-9517-4CA8-B3D4-502645977780}"
EndProject
Project("{FAE04EC0-301F-11D3-BF4B-00C04F79EFBC}") = "ElevenNote.MobileApp.iOS", "ElevenNote.MobileApp\ElevenNote.MobileApp.iOS\ElevenNote.MobileApp.iOS.csproj", "{F25484B6-AA61-49DB-B874-BE5FA07B16A8}"
EndProject
Global
	GlobalSection(SharedMSBuildProjectFiles) = preSolution
		ElevenNote.MobileApp\ElevenNote.MobileApp\ElevenNote.MobileApp.projitems*{ab45ccb6-31d3-4950-9266-c1b788ef2013}*SharedItemsImports = 13
		ElevenNote.MobileApp\ElevenNote.MobileApp\ElevenNote.MobileApp.projitems*{b122f3dd-9517-4ca8-b3d4-502645977780}*SharedItemsImports = 4
		ElevenNote.MobileApp\ElevenNote.MobileApp\ElevenNote.MobileApp.projitems*{f25484b6-aa61-49db-b874-be5fa07b16a8}*SharedItemsImports = 4
	EndGlobalSection
	GlobalSection(SolutionConfigurationPlatforms) = preSolution
		Ad-Hoc|Any CPU = Ad-Hoc|Any CPU
		Ad-Hoc|iPhone = Ad-Hoc|iPhone
		Ad-Hoc|iPhoneSimulator = Ad-Hoc|iPhoneSimulator
		AppStore|Any CPU = AppStore|Any CPU
		AppStore|iPhone = AppStore|iPhone
		AppStore|iPhoneSimulator = AppStore|iPhoneSimulator
		Debug|Any CPU = Debug|Any CPU
		Debug|iPhone = Debug|iPhone
		Debug|iPhoneSimulator = Debug|iPhoneSimulator
		Release|Any CPU = Release|Any CPU
		Release|iPhone = Release|iPhone
		Release|iPhoneSimulator = Release|iPhoneSimulator
	EndGlobalSection
	GlobalSection(ProjectConfigurationPlatforms) = postSolution
		{2644E200-3297-43F3-B670-27102E567DDA}.Ad-Hoc|Any CPU.ActiveCfg = Release|Any CPU
		{2644E200-3297-43F3-B670-27102E567DDA}.Ad-Hoc|Any CPU.Build.0 = Release|Any CPU
		{2644E200-3297-43F3-B670-27102E567DDA}.Ad-Hoc|iPhone.ActiveCfg = Release|Any CPU
		{2644E200-3297-43F3-B670-27102E567DDA}.Ad-Hoc|iPhone.Build.0 = Release|Any CPU
		{2644E200-3297-43F3-B670-27102E567DDA}.Ad-Hoc|iPhoneSimulator.ActiveCfg = Release|Any CPU
		{2644E200-3297-43F3-B670-27102E567DDA}.Ad-Hoc|iPhoneSimulator.Build.0 = Release|Any CPU
		{2644E200-3297-43F3-B670-27102E567DDA}.AppStore|Any CPU.ActiveCfg = Release|Any CPU
		{2644E200-3297-43F3-B670-27102E567DDA}.AppStore|Any CPU.Build.0 = Release|Any CPU
		{2644E200-3297-43F3-B670-27102E567DDA}.AppStore|iPhone.ActiveCfg = Release|Any CPU
		{2644E200-3297-43F3-B670-27102E567DDA}.AppStore|iPhone.Build.0 = Release|Any CPU
		{2644E200-3297-43F3-B670-27102E567DDA}.AppStore|iPhoneSimulator.ActiveCfg = Release|Any CPU
		{2644E200-3297-43F3-B670-27102E567DDA}.AppStore|iPhoneSimulator.Build.0 = Release|Any CPU
		{2644E200-3297-43F3-B670-27102E567DDA}.Debug|Any CPU.ActiveCfg = Debug|Any CPU
		{2644E200-3297-43F3-B670-27102E567DDA}.Debug|Any CPU.Build.0 = Debug|Any CPU
		{2644E200-3297-43F3-B670-27102E567DDA}.Debug|iPhone.ActiveCfg = Debug|Any CPU
		{2644E200-3297-43F3-B670-27102E567DDA}.Debug|iPhone.Build.0 = Debug|Any CPU
		{2644E200-3297-43F3-B670-27102E567DDA}.Debug|iPhoneSimulator.ActiveCfg = Debug|Any CPU
		{2644E200-3297-43F3-B670-27102E567DDA}.Debug|iPhoneSimulator.Build.0 = Debug|Any CPU
		{2644E200-3297-43F3-B670-27102E567DDA}.Release|Any CPU.ActiveCfg = Release|Any CPU
		{2644E200-3297-43F3-B670-27102E567DDA}.Release|Any CPU.Build.0 = Release|Any CPU
		{2644E200-3297-43F3-B670-27102E567DDA}.Release|iPhone.ActiveCfg = Release|Any CPU
		{2644E200-3297-43F3-B670-27102E567DDA}.Release|iPhone.Build.0 = Release|Any CPU
		{2644E200-3297-43F3-B670-27102E567DDA}.Release|iPhoneSimulator.ActiveCfg = Release|Any CPU
		{2644E200-3297-43F3-B670-27102E567DDA}.Release|iPhoneSimulator.Build.0 = Release|Any CPU
		{69F33446-B61D-416A-853B-52878FC87608}.Ad-Hoc|Any CPU.ActiveCfg = Release|Any CPU
		{69F33446-B61D-416A-853B-52878FC87608}.Ad-Hoc|Any CPU.Build.0 = Release|Any CPU
		{69F33446-B61D-416A-853B-52878FC87608}.Ad-Hoc|iPhone.ActiveCfg = Release|Any CPU
		{69F33446-B61D-416A-853B-52878FC87608}.Ad-Hoc|iPhone.Build.0 = Release|Any CPU
		{69F33446-B61D-416A-853B-52878FC87608}.Ad-Hoc|iPhoneSimulator.ActiveCfg = Release|Any CPU
		{69F33446-B61D-416A-853B-52878FC87608}.Ad-Hoc|iPhoneSimulator.Build.0 = Release|Any CPU
		{69F33446-B61D-416A-853B-52878FC87608}.AppStore|Any CPU.ActiveCfg = Release|Any CPU
		{69F33446-B61D-416A-853B-52878FC87608}.AppStore|Any CPU.Build.0 = Release|Any CPU
		{69F33446-B61D-416A-853B-52878FC87608}.AppStore|iPhone.ActiveCfg = Release|Any CPU
		{69F33446-B61D-416A-853B-52878FC87608}.AppStore|iPhone.Build.0 = Release|Any CPU
		{69F33446-B61D-416A-853B-52878FC87608}.AppStore|iPhoneSimulator.ActiveCfg = Release|Any CPU
		{69F33446-B61D-416A-853B-52878FC87608}.AppStore|iPhoneSimulator.Build.0 = Release|Any CPU
		{69F33446-B61D-416A-853B-52878FC87608}.Debug|Any CPU.ActiveCfg = Debug|Any CPU
		{69F33446-B61D-416A-853B-52878FC87608}.Debug|Any CPU.Build.0 = Debug|Any CPU
		{69F33446-B61D-416A-853B-52878FC87608}.Debug|iPhone.ActiveCfg = Debug|Any CPU
		{69F33446-B61D-416A-853B-52878FC87608}.Debug|iPhone.Build.0 = Debug|Any CPU
		{69F33446-B61D-416A-853B-52878FC87608}.Debug|iPhoneSimulator.ActiveCfg = Debug|Any CPU
		{69F33446-B61D-416A-853B-52878FC87608}.Debug|iPhoneSimulator.Build.0 = Debug|Any CPU
		{69F33446-B61D-416A-853B-52878FC87608}.Release|Any CPU.ActiveCfg = Release|Any CPU
		{69F33446-B61D-416A-853B-52878FC87608}.Release|Any CPU.Build.0 = Release|Any CPU
		{69F33446-B61D-416A-853B-52878FC87608}.Release|iPhone.ActiveCfg = Release|Any CPU
		{69F33446-B61D-416A-853B-52878FC87608}.Release|iPhone.Build.0 = Release|Any CPU
		{69F33446-B61D-416A-853B-52878FC87608}.Release|iPhoneSimulator.ActiveCfg = Release|Any CPU
		{69F33446-B61D-416A-853B-52878FC87608}.Release|iPhoneSimulator.Build.0 = Release|Any CPU
		{A26190DC-B590-45A5-9747-34F139E75820}.Ad-Hoc|Any CPU.ActiveCfg = Release|Any CPU
		{A26190DC-B590-45A5-9747-34F139E75820}.Ad-Hoc|Any CPU.Build.0 = Release|Any CPU
		{A26190DC-B590-45A5-9747-34F139E75820}.Ad-Hoc|iPhone.ActiveCfg = Release|Any CPU
		{A26190DC-B590-45A5-9747-34F139E75820}.Ad-Hoc|iPhone.Build.0 = Release|Any CPU
		{A26190DC-B590-45A5-9747-34F139E75820}.Ad-Hoc|iPhoneSimulator.ActiveCfg = Release|Any CPU
		{A26190DC-B590-45A5-9747-34F139E75820}.Ad-Hoc|iPhoneSimulator.Build.0 = Release|Any CPU
		{A26190DC-B590-45A5-9747-34F139E75820}.AppStore|Any CPU.ActiveCfg = Release|Any CPU
		{A26190DC-B590-45A5-9747-34F139E75820}.AppStore|Any CPU.Build.0 = Release|Any CPU
		{A26190DC-B590-45A5-9747-34F139E75820}.AppStore|iPhone.ActiveCfg = Release|Any CPU
		{A26190DC-B590-45A5-9747-34F139E75820}.AppStore|iPhone.Build.0 = Release|Any CPU
		{A26190DC-B590-45A5-9747-34F139E75820}.AppStore|iPhoneSimulator.ActiveCfg = Release|Any CPU
		{A26190DC-B590-45A5-9747-34F139E75820}.AppStore|iPhoneSimulator.Build.0 = Release|Any CPU
		{A26190DC-B590-45A5-9747-34F139E75820}.Debug|Any CPU.ActiveCfg = Debug|Any CPU
		{A26190DC-B590-45A5-9747-34F139E75820}.Debug|Any CPU.Build.0 = Debug|Any CPU
		{A26190DC-B590-45A5-9747-34F139E75820}.Debug|iPhone.ActiveCfg = Debug|Any CPU
		{A26190DC-B590-45A5-9747-34F139E75820}.Debug|iPhone.Build.0 = Debug|Any CPU
		{A26190DC-B590-45A5-9747-34F139E75820}.Debug|iPhoneSimulator.ActiveCfg = Debug|Any CPU
		{A26190DC-B590-45A5-9747-34F139E75820}.Debug|iPhoneSimulator.Build.0 = Debug|Any CPU
		{A26190DC-B590-45A5-9747-34F139E75820}.Release|Any CPU.ActiveCfg = Release|Any CPU
		{A26190DC-B590-45A5-9747-34F139E75820}.Release|Any CPU.Build.0 = Release|Any CPU
		{A26190DC-B590-45A5-9747-34F139E75820}.Release|iPhone.ActiveCfg = Release|Any CPU
		{A26190DC-B590-45A5-9747-34F139E75820}.Release|iPhone.Build.0 = Release|Any CPU
		{A26190DC-B590-45A5-9747-34F139E75820}.Release|iPhoneSimulator.ActiveCfg = Release|Any CPU
		{A26190DC-B590-45A5-9747-34F139E75820}.Release|iPhoneSimulator.Build.0 = Release|Any CPU
		{A0B4CF75-A4B2-4011-8682-61E562CE485E}.Ad-Hoc|Any CPU.ActiveCfg = Release|Any CPU
		{A0B4CF75-A4B2-4011-8682-61E562CE485E}.Ad-Hoc|Any CPU.Build.0 = Release|Any CPU
		{A0B4CF75-A4B2-4011-8682-61E562CE485E}.Ad-Hoc|iPhone.ActiveCfg = Release|Any CPU
		{A0B4CF75-A4B2-4011-8682-61E562CE485E}.Ad-Hoc|iPhone.Build.0 = Release|Any CPU
		{A0B4CF75-A4B2-4011-8682-61E562CE485E}.Ad-Hoc|iPhoneSimulator.ActiveCfg = Release|Any CPU
		{A0B4CF75-A4B2-4011-8682-61E562CE485E}.Ad-Hoc|iPhoneSimulator.Build.0 = Release|Any CPU
		{A0B4CF75-A4B2-4011-8682-61E562CE485E}.AppStore|Any CPU.ActiveCfg = Release|Any CPU
		{A0B4CF75-A4B2-4011-8682-61E562CE485E}.AppStore|Any CPU.Build.0 = Release|Any CPU
		{A0B4CF75-A4B2-4011-8682-61E562CE485E}.AppStore|iPhone.ActiveCfg = Release|Any CPU
		{A0B4CF75-A4B2-4011-8682-61E562CE485E}.AppStore|iPhone.Build.0 = Release|Any CPU
		{A0B4CF75-A4B2-4011-8682-61E562CE485E}.AppStore|iPhoneSimulator.ActiveCfg = Release|Any CPU
		{A0B4CF75-A4B2-4011-8682-61E562CE485E}.AppStore|iPhoneSimulator.Build.0 = Release|Any CPU
		{A0B4CF75-A4B2-4011-8682-61E562CE485E}.Debug|Any CPU.ActiveCfg = Debug|Any CPU
		{A0B4CF75-A4B2-4011-8682-61E562CE485E}.Debug|Any CPU.Build.0 = Debug|Any CPU
		{A0B4CF75-A4B2-4011-8682-61E562CE485E}.Debug|iPhone.ActiveCfg = Debug|Any CPU
		{A0B4CF75-A4B2-4011-8682-61E562CE485E}.Debug|iPhone.Build.0 = Debug|Any CPU
		{A0B4CF75-A4B2-4011-8682-61E562CE485E}.Debug|iPhoneSimulator.ActiveCfg = Debug|Any CPU
		{A0B4CF75-A4B2-4011-8682-61E562CE485E}.Debug|iPhoneSimulator.Build.0 = Debug|Any CPU
		{A0B4CF75-A4B2-4011-8682-61E562CE485E}.Release|Any CPU.ActiveCfg = Release|Any CPU
		{A0B4CF75-A4B2-4011-8682-61E562CE485E}.Release|Any CPU.Build.0 = Release|Any CPU
		{A0B4CF75-A4B2-4011-8682-61E562CE485E}.Release|iPhone.ActiveCfg = Release|Any CPU
		{A0B4CF75-A4B2-4011-8682-61E562CE485E}.Release|iPhone.Build.0 = Release|Any CPU
		{A0B4CF75-A4B2-4011-8682-61E562CE485E}.Release|iPhoneSimulator.ActiveCfg = Release|Any CPU
		{A0B4CF75-A4B2-4011-8682-61E562CE485E}.Release|iPhoneSimulator.Build.0 = Release|Any CPU
		{E87A1C4F-4A4F-484D-B994-E169037C9A69}.Ad-Hoc|Any CPU.ActiveCfg = Release|Any CPU
		{E87A1C4F-4A4F-484D-B994-E169037C9A69}.Ad-Hoc|Any CPU.Build.0 = Release|Any CPU
		{E87A1C4F-4A4F-484D-B994-E169037C9A69}.Ad-Hoc|iPhone.ActiveCfg = Release|Any CPU
		{E87A1C4F-4A4F-484D-B994-E169037C9A69}.Ad-Hoc|iPhone.Build.0 = Release|Any CPU
		{E87A1C4F-4A4F-484D-B994-E169037C9A69}.Ad-Hoc|iPhoneSimulator.ActiveCfg = Release|Any CPU
		{E87A1C4F-4A4F-484D-B994-E169037C9A69}.Ad-Hoc|iPhoneSimulator.Build.0 = Release|Any CPU
		{E87A1C4F-4A4F-484D-B994-E169037C9A69}.AppStore|Any CPU.ActiveCfg = Release|Any CPU
		{E87A1C4F-4A4F-484D-B994-E169037C9A69}.AppStore|Any CPU.Build.0 = Release|Any CPU
		{E87A1C4F-4A4F-484D-B994-E169037C9A69}.AppStore|iPhone.ActiveCfg = Release|Any CPU
		{E87A1C4F-4A4F-484D-B994-E169037C9A69}.AppStore|iPhone.Build.0 = Release|Any CPU
		{E87A1C4F-4A4F-484D-B994-E169037C9A69}.AppStore|iPhoneSimulator.ActiveCfg = Release|Any CPU
		{E87A1C4F-4A4F-484D-B994-E169037C9A69}.AppStore|iPhoneSimulator.Build.0 = Release|Any CPU
		{E87A1C4F-4A4F-484D-B994-E169037C9A69}.Debug|Any CPU.ActiveCfg = Debug|Any CPU
		{E87A1C4F-4A4F-484D-B994-E169037C9A69}.Debug|Any CPU.Build.0 = Debug|Any CPU
		{E87A1C4F-4A4F-484D-B994-E169037C9A69}.Debug|iPhone.ActiveCfg = Debug|Any CPU
		{E87A1C4F-4A4F-484D-B994-E169037C9A69}.Debug|iPhone.Build.0 = Debug|Any CPU
		{E87A1C4F-4A4F-484D-B994-E169037C9A69}.Debug|iPhoneSimulator.ActiveCfg = Debug|Any CPU
		{E87A1C4F-4A4F-484D-B994-E169037C9A69}.Debug|iPhoneSimulator.Build.0 = Debug|Any CPU
		{E87A1C4F-4A4F-484D-B994-E169037C9A69}.Release|Any CPU.ActiveCfg = Release|Any CPU
		{E87A1C4F-4A4F-484D-B994-E169037C9A69}.Release|Any CPU.Build.0 = Release|Any CPU
		{E87A1C4F-4A4F-484D-B994-E169037C9A69}.Release|iPhone.ActiveCfg = Release|Any CPU
		{E87A1C4F-4A4F-484D-B994-E169037C9A69}.Release|iPhone.Build.0 = Release|Any CPU
		{E87A1C4F-4A4F-484D-B994-E169037C9A69}.Release|iPhoneSimulator.ActiveCfg = Release|Any CPU
		{E87A1C4F-4A4F-484D-B994-E169037C9A69}.Release|iPhoneSimulator.Build.0 = Release|Any CPU
		{B122F3DD-9517-4CA8-B3D4-502645977780}.Ad-Hoc|Any CPU.ActiveCfg = Release|Any CPU
		{B122F3DD-9517-4CA8-B3D4-502645977780}.Ad-Hoc|Any CPU.Build.0 = Release|Any CPU
		{B122F3DD-9517-4CA8-B3D4-502645977780}.Ad-Hoc|Any CPU.Deploy.0 = Release|Any CPU
		{B122F3DD-9517-4CA8-B3D4-502645977780}.Ad-Hoc|iPhone.ActiveCfg = Release|Any CPU
		{B122F3DD-9517-4CA8-B3D4-502645977780}.Ad-Hoc|iPhone.Build.0 = Release|Any CPU
		{B122F3DD-9517-4CA8-B3D4-502645977780}.Ad-Hoc|iPhone.Deploy.0 = Release|Any CPU
		{B122F3DD-9517-4CA8-B3D4-502645977780}.Ad-Hoc|iPhoneSimulator.ActiveCfg = Release|Any CPU
		{B122F3DD-9517-4CA8-B3D4-502645977780}.Ad-Hoc|iPhoneSimulator.Build.0 = Release|Any CPU
		{B122F3DD-9517-4CA8-B3D4-502645977780}.Ad-Hoc|iPhoneSimulator.Deploy.0 = Release|Any CPU
		{B122F3DD-9517-4CA8-B3D4-502645977780}.AppStore|Any CPU.ActiveCfg = Release|Any CPU
		{B122F3DD-9517-4CA8-B3D4-502645977780}.AppStore|Any CPU.Build.0 = Release|Any CPU
		{B122F3DD-9517-4CA8-B3D4-502645977780}.AppStore|Any CPU.Deploy.0 = Release|Any CPU
		{B122F3DD-9517-4CA8-B3D4-502645977780}.AppStore|iPhone.ActiveCfg = Release|Any CPU
		{B122F3DD-9517-4CA8-B3D4-502645977780}.AppStore|iPhone.Build.0 = Release|Any CPU
		{B122F3DD-9517-4CA8-B3D4-502645977780}.AppStore|iPhone.Deploy.0 = Release|Any CPU
		{B122F3DD-9517-4CA8-B3D4-502645977780}.AppStore|iPhoneSimulator.ActiveCfg = Release|Any CPU
		{B122F3DD-9517-4CA8-B3D4-502645977780}.AppStore|iPhoneSimulator.Build.0 = Release|Any CPU
		{B122F3DD-9517-4CA8-B3D4-502645977780}.AppStore|iPhoneSimulator.Deploy.0 = Release|Any CPU
		{B122F3DD-9517-4CA8-B3D4-502645977780}.Debug|Any CPU.ActiveCfg = Debug|Any CPU
		{B122F3DD-9517-4CA8-B3D4-502645977780}.Debug|Any CPU.Build.0 = Debug|Any CPU
		{B122F3DD-9517-4CA8-B3D4-502645977780}.Debug|Any CPU.Deploy.0 = Debug|Any CPU
		{B122F3DD-9517-4CA8-B3D4-502645977780}.Debug|iPhone.ActiveCfg = Debug|Any CPU
		{B122F3DD-9517-4CA8-B3D4-502645977780}.Debug|iPhone.Build.0 = Debug|Any CPU
		{B122F3DD-9517-4CA8-B3D4-502645977780}.Debug|iPhone.Deploy.0 = Debug|Any CPU
		{B122F3DD-9517-4CA8-B3D4-502645977780}.Debug|iPhoneSimulator.ActiveCfg = Debug|Any CPU
		{B122F3DD-9517-4CA8-B3D4-502645977780}.Debug|iPhoneSimulator.Build.0 = Debug|Any CPU
		{B122F3DD-9517-4CA8-B3D4-502645977780}.Debug|iPhoneSimulator.Deploy.0 = Debug|Any CPU
		{B122F3DD-9517-4CA8-B3D4-502645977780}.Release|Any CPU.ActiveCfg = Release|Any CPU
		{B122F3DD-9517-4CA8-B3D4-502645977780}.Release|Any CPU.Build.0 = Release|Any CPU
		{B122F3DD-9517-4CA8-B3D4-502645977780}.Release|Any CPU.Deploy.0 = Release|Any CPU
		{B122F3DD-9517-4CA8-B3D4-502645977780}.Release|iPhone.ActiveCfg = Release|Any CPU
		{B122F3DD-9517-4CA8-B3D4-502645977780}.Release|iPhone.Build.0 = Release|Any CPU
		{B122F3DD-9517-4CA8-B3D4-502645977780}.Release|iPhone.Deploy.0 = Release|Any CPU
		{B122F3DD-9517-4CA8-B3D4-502645977780}.Release|iPhoneSimulator.ActiveCfg = Release|Any CPU
		{B122F3DD-9517-4CA8-B3D4-502645977780}.Release|iPhoneSimulator.Build.0 = Release|Any CPU
		{B122F3DD-9517-4CA8-B3D4-502645977780}.Release|iPhoneSimulator.Deploy.0 = Release|Any CPU
		{F25484B6-AA61-49DB-B874-BE5FA07B16A8}.Ad-Hoc|Any CPU.ActiveCfg = Ad-Hoc|iPhone
		{F25484B6-AA61-49DB-B874-BE5FA07B16A8}.Ad-Hoc|iPhone.ActiveCfg = Ad-Hoc|iPhone
		{F25484B6-AA61-49DB-B874-BE5FA07B16A8}.Ad-Hoc|iPhone.Build.0 = Ad-Hoc|iPhone
		{F25484B6-AA61-49DB-B874-BE5FA07B16A8}.Ad-Hoc|iPhoneSimulator.ActiveCfg = Ad-Hoc|iPhoneSimulator
		{F25484B6-AA61-49DB-B874-BE5FA07B16A8}.Ad-Hoc|iPhoneSimulator.Build.0 = Ad-Hoc|iPhoneSimulator
		{F25484B6-AA61-49DB-B874-BE5FA07B16A8}.AppStore|Any CPU.ActiveCfg = AppStore|iPhone
		{F25484B6-AA61-49DB-B874-BE5FA07B16A8}.AppStore|iPhone.ActiveCfg = AppStore|iPhone
		{F25484B6-AA61-49DB-B874-BE5FA07B16A8}.AppStore|iPhone.Build.0 = AppStore|iPhone
		{F25484B6-AA61-49DB-B874-BE5FA07B16A8}.AppStore|iPhoneSimulator.ActiveCfg = AppStore|iPhoneSimulator
		{F25484B6-AA61-49DB-B874-BE5FA07B16A8}.AppStore|iPhoneSimulator.Build.0 = AppStore|iPhoneSimulator
		{F25484B6-AA61-49DB-B874-BE5FA07B16A8}.Debug|Any CPU.ActiveCfg = Debug|iPhone
		{F25484B6-AA61-49DB-B874-BE5FA07B16A8}.Debug|iPhone.ActiveCfg = Debug|iPhone
		{F25484B6-AA61-49DB-B874-BE5FA07B16A8}.Debug|iPhone.Build.0 = Debug|iPhone
		{F25484B6-AA61-49DB-B874-BE5FA07B16A8}.Debug|iPhoneSimulator.ActiveCfg = Debug|iPhoneSimulator
		{F25484B6-AA61-49DB-B874-BE5FA07B16A8}.Debug|iPhoneSimulator.Build.0 = Debug|iPhoneSimulator
		{F25484B6-AA61-49DB-B874-BE5FA07B16A8}.Release|Any CPU.ActiveCfg = Release|iPhone
		{F25484B6-AA61-49DB-B874-BE5FA07B16A8}.Release|iPhone.ActiveCfg = Release|iPhone
		{F25484B6-AA61-49DB-B874-BE5FA07B16A8}.Release|iPhone.Build.0 = Release|iPhone
		{F25484B6-AA61-49DB-B874-BE5FA07B16A8}.Release|iPhoneSimulator.ActiveCfg = Release|iPhoneSimulator
		{F25484B6-AA61-49DB-B874-BE5FA07B16A8}.Release|iPhoneSimulator.Build.0 = Release|iPhoneSimulator
	EndGlobalSection
	GlobalSection(SolutionProperties) = preSolution
		HideSolutionNode = FALSE
	EndGlobalSection
EndGlobal
